{
  "name": "wildcard-domain-finder-plus",
  "version": "1.0.3",
  "lockfileVersion": 3,
  "requires": true,
  "packages": {
    "": {
      "name": "wildcard-domain-finder-plus",
      "version": "1.0.3",
      "license": "ISC",
      "bin": {
        "wdf": "app.js",
        "wildcard-domain-finder-plus": "app.js"
      }
    }
  }
}
